
Microsoft Visual Studio Solution File, Format Version 12.00
# Visual Studio Version 17
VisualStudioVersion = 17.6.33829.357
MinimumVisualStudioVersion = 10.0.40219.1
Project("{2150E333-8FDC-42A3-9474-1A3956D46DE8}") = "src", "src", "{4364A619-C855-459F-AC40-45277D3B366B}"
EndProject
Project("{2150E333-8FDC-42A3-9474-1A3956D46DE8}") = "Building Blocks", "Building Blocks", "{BF4E4257-F280-4F5A-8F65-FD875B394242}"
EndProject
Project("{2150E333-8FDC-42A3-9474-1A3956D46DE8}") = "Services", "Services", "{9B340C44-46D2-4E4D-9897-3C37FF3DA126}"
EndProject
Project("{2150E333-8FDC-42A3-9474-1A3956D46DE8}") = "Identidade", "Identidade", "{61239984-FB70-41BF-B4D1-189F4156732C}"
EndProject
Project("{FAE04EC0-301F-11D3-BF4B-00C04F79EFBC}") = "NSE.Identidade.API", "src\services\NSE.Identidade.API\NSE.Identidade.API.csproj", "{0A10B437-F53E-47D0-85CE-FB32EB633DEB}"
EndProject
Project("{2150E333-8FDC-42A3-9474-1A3956D46DE8}") = "Core", "Core", "{783BBDF7-94AC-491F-A773-4D479E534BE9}"
EndProject
Project("{FAE04EC0-301F-11D3-BF4B-00C04F79EFBC}") = "NSE.Core", "src\building blocks\NSE.Core\NSE.Core.csproj", "{A32CD8CF-060A-4D26-BA4F-5226CF30B905}"
EndProject
Project("{2150E333-8FDC-42A3-9474-1A3956D46DE8}") = "Catalogo", "Catalogo", "{FEA1A5AB-F5BC-4256-8234-E7E1A4B64C3E}"
EndProject
Project("{FAE04EC0-301F-11D3-BF4B-00C04F79EFBC}") = "NSE.Catalogo.API", "src\services\NSE.Catalogo.API\NSE.Catalogo.API.csproj", "{4A662B40-1C84-4244-963F-D36E7D14A6D5}"
EndProject
Project("{2150E333-8FDC-42A3-9474-1A3956D46DE8}") = "Cliente", "Cliente", "{5C1B7D4B-280E-4D3E-AED4-818732E5A4D5}"
EndProject
Project("{FAE04EC0-301F-11D3-BF4B-00C04F79EFBC}") = "NSE.Cliente.API", "src\services\NSE.Cliente.API\NSE.Cliente.API.csproj", "{40634693-4A73-4070-8219-1FB08167BB26}"
EndProject
Project("{2150E333-8FDC-42A3-9474-1A3956D46DE8}") = "Pagamento", "Pagamento", "{41945F91-ED77-4A7D-931E-458117E9CECF}"
EndProject
Project("{FAE04EC0-301F-11D3-BF4B-00C04F79EFBC}") = "NSE.Pagamento.API", "src\services\NSE.Pagamento.API\NSE.Pagamento.API.csproj", "{0E74BC62-829E-445C-B8C5-C9F76212D705}"
EndProject
Project("{2150E333-8FDC-42A3-9474-1A3956D46DE8}") = "Carrinho", "Carrinho", "{5AB0BB42-8935-45A9-8157-9F73F936A297}"
EndProject
Project("{2150E333-8FDC-42A3-9474-1A3956D46DE8}") = "Pedido", "Pedido", "{ADC02A4E-84F7-4F5B-BBDE-3E0B109989D1}"
EndProject
Project("{FAE04EC0-301F-11D3-BF4B-00C04F79EFBC}") = "NSE.Pedido.API", "src\services\NSE.Pedido.API\NSE.Pedido.API.csproj", "{E067B0C0-1A76-479E-9194-15F78D2138FE}"
EndProject
Project("{FAE04EC0-301F-11D3-BF4B-00C04F79EFBC}") = "NSE.Carrinho.API", "src\services\NSE.Carrinho.API\NSE.Carrinho.API.csproj", "{87657793-8234-484E-89C6-A12806C6C642}"
EndProject
Global
	GlobalSection(SolutionConfigurationPlatforms) = preSolution
		Debug|Any CPU = Debug|Any CPU
		Release|Any CPU = Release|Any CPU
	EndGlobalSection
	GlobalSection(ProjectConfigurationPlatforms) = postSolution
		{0A10B437-F53E-47D0-85CE-FB32EB633DEB}.Debug|Any CPU.ActiveCfg = Debug|Any CPU
		{0A10B437-F53E-47D0-85CE-FB32EB633DEB}.Debug|Any CPU.Build.0 = Debug|Any CPU
		{0A10B437-F53E-47D0-85CE-FB32EB633DEB}.Release|Any CPU.ActiveCfg = Release|Any CPU
		{0A10B437-F53E-47D0-85CE-FB32EB633DEB}.Release|Any CPU.Build.0 = Release|Any CPU
		{A32CD8CF-060A-4D26-BA4F-5226CF30B905}.Debug|Any CPU.ActiveCfg = Debug|Any CPU
		{A32CD8CF-060A-4D26-BA4F-5226CF30B905}.Debug|Any CPU.Build.0 = Debug|Any CPU
		{A32CD8CF-060A-4D26-BA4F-5226CF30B905}.Release|Any CPU.ActiveCfg = Release|Any CPU
		{A32CD8CF-060A-4D26-BA4F-5226CF30B905}.Release|Any CPU.Build.0 = Release|Any CPU
		{4A662B40-1C84-4244-963F-D36E7D14A6D5}.Debug|Any CPU.ActiveCfg = Debug|Any CPU
		{4A662B40-1C84-4244-963F-D36E7D14A6D5}.Debug|Any CPU.Build.0 = Debug|Any CPU
		{4A662B40-1C84-4244-963F-D36E7D14A6D5}.Release|Any CPU.ActiveCfg = Release|Any CPU
		{4A662B40-1C84-4244-963F-D36E7D14A6D5}.Release|Any CPU.Build.0 = Release|Any CPU
		{40634693-4A73-4070-8219-1FB08167BB26}.Debug|Any CPU.ActiveCfg = Debug|Any CPU
		{40634693-4A73-4070-8219-1FB08167BB26}.Debug|Any CPU.Build.0 = Debug|Any CPU
		{40634693-4A73-4070-8219-1FB08167BB26}.Release|Any CPU.ActiveCfg = Release|Any CPU
		{40634693-4A73-4070-8219-1FB08167BB26}.Release|Any CPU.Build.0 = Release|Any CPU
		{0E74BC62-829E-445C-B8C5-C9F76212D705}.Debug|Any CPU.ActiveCfg = Debug|Any CPU
		{0E74BC62-829E-445C-B8C5-C9F76212D705}.Debug|Any CPU.Build.0 = Debug|Any CPU
		{0E74BC62-829E-445C-B8C5-C9F76212D705}.Release|Any CPU.ActiveCfg = Release|Any CPU
		{0E74BC62-829E-445C-B8C5-C9F76212D705}.Release|Any CPU.Build.0 = Release|Any CPU
		{E067B0C0-1A76-479E-9194-15F78D2138FE}.Debug|Any CPU.ActiveCfg = Debug|Any CPU
		{E067B0C0-1A76-479E-9194-15F78D2138FE}.Debug|Any CPU.Build.0 = Debug|Any CPU
		{E067B0C0-1A76-479E-9194-15F78D2138FE}.Release|Any CPU.ActiveCfg = Release|Any CPU
		{E067B0C0-1A76-479E-9194-15F78D2138FE}.Release|Any CPU.Build.0 = Release|Any CPU
		{87657793-8234-484E-89C6-A12806C6C642}.Debug|Any CPU.ActiveCfg = Debug|Any CPU
		{87657793-8234-484E-89C6-A12806C6C642}.Debug|Any CPU.Build.0 = Debug|Any CPU
		{87657793-8234-484E-89C6-A12806C6C642}.Release|Any CPU.ActiveCfg = Release|Any CPU
		{87657793-8234-484E-89C6-A12806C6C642}.Release|Any CPU.Build.0 = Release|Any CPU
	EndGlobalSection
	GlobalSection(SolutionProperties) = preSolution
		HideSolutionNode = FALSE
	EndGlobalSection
	GlobalSection(NestedProjects) = preSolution
		{BF4E4257-F280-4F5A-8F65-FD875B394242} = {4364A619-C855-459F-AC40-45277D3B366B}
		{9B340C44-46D2-4E4D-9897-3C37FF3DA126} = {4364A619-C855-459F-AC40-45277D3B366B}
		{61239984-FB70-41BF-B4D1-189F4156732C} = {9B340C44-46D2-4E4D-9897-3C37FF3DA126}
		{0A10B437-F53E-47D0-85CE-FB32EB633DEB} = {61239984-FB70-41BF-B4D1-189F4156732C}
		{783BBDF7-94AC-491F-A773-4D479E534BE9} = {BF4E4257-F280-4F5A-8F65-FD875B394242}
		{A32CD8CF-060A-4D26-BA4F-5226CF30B905} = {783BBDF7-94AC-491F-A773-4D479E534BE9}
		{FEA1A5AB-F5BC-4256-8234-E7E1A4B64C3E} = {9B340C44-46D2-4E4D-9897-3C37FF3DA126}
		{4A662B40-1C84-4244-963F-D36E7D14A6D5} = {FEA1A5AB-F5BC-4256-8234-E7E1A4B64C3E}
		{5C1B7D4B-280E-4D3E-AED4-818732E5A4D5} = {9B340C44-46D2-4E4D-9897-3C37FF3DA126}
		{40634693-4A73-4070-8219-1FB08167BB26} = {5C1B7D4B-280E-4D3E-AED4-818732E5A4D5}
		{41945F91-ED77-4A7D-931E-458117E9CECF} = {9B340C44-46D2-4E4D-9897-3C37FF3DA126}
		{0E74BC62-829E-445C-B8C5-C9F76212D705} = {41945F91-ED77-4A7D-931E-458117E9CECF}
		{5AB0BB42-8935-45A9-8157-9F73F936A297} = {9B340C44-46D2-4E4D-9897-3C37FF3DA126}
		{ADC02A4E-84F7-4F5B-BBDE-3E0B109989D1} = {9B340C44-46D2-4E4D-9897-3C37FF3DA126}
		{E067B0C0-1A76-479E-9194-15F78D2138FE} = {ADC02A4E-84F7-4F5B-BBDE-3E0B109989D1}
		{87657793-8234-484E-89C6-A12806C6C642} = {5AB0BB42-8935-45A9-8157-9F73F936A297}
	EndGlobalSection
	GlobalSection(ExtensibilityGlobals) = postSolution
		SolutionGuid = {BB7012C2-230E-462F-869C-09415668F0F6}
	EndGlobalSection
EndGlobal
